// !$*UTF8*$!
{
	archiveVersion = 1;
	classes = {
	};
	objectVersion = 56;
	objects = {

/* Begin PBXBuildFile section */
		AD3555A329C37E64000A010A /* EditMemoViewController.swift in Sources */ = {isa = PBXBuildFile; fileRef = AD3555A229C37E64000A010A /* EditMemoViewController.swift */; };
		AD66CA7129C370F00075B8BA /* MemoViewModel.swift in Sources */ = {isa = PBXBuildFile; fileRef = AD66CA7029C370F00075B8BA /* MemoViewModel.swift */; };
		AD7E81B829C363D500518BF5 /* AppDelegate.swift in Sources */ = {isa = PBXBuildFile; fileRef = AD7E81B729C363D500518BF5 /* AppDelegate.swift */; };
		AD7E81BA29C363D500518BF5 /* SceneDelegate.swift in Sources */ = {isa = PBXBuildFile; fileRef = AD7E81B929C363D500518BF5 /* SceneDelegate.swift */; };
		AD7E81BC29C363D500518BF5 /* ViewController.swift in Sources */ = {isa = PBXBuildFile; fileRef = AD7E81BB29C363D500518BF5 /* ViewController.swift */; };
		AD7E81BF29C363D500518BF5 /* Main.storyboard in Resources */ = {isa = PBXBuildFile; fileRef = AD7E81BD29C363D500518BF5 /* Main.storyboard */; };
		AD7E81C129C363D600518BF5 /* Assets.xcassets in Resources */ = {isa = PBXBuildFile; fileRef = AD7E81C029C363D600518BF5 /* Assets.xcassets */; };
		AD7E81C429C363D600518BF5 /* LaunchScreen.storyboard in Resources */ = {isa = PBXBuildFile; fileRef = AD7E81C229C363D600518BF5 /* LaunchScreen.storyboard */; };
		AD7E81CD29C363E700518BF5 /* Realm in Frameworks */ = {isa = PBXBuildFile; productRef = AD7E81CC29C363E700518BF5 /* Realm */; };
		AD7E81CF29C363E700518BF5 /* RealmSwift in Frameworks */ = {isa = PBXBuildFile; productRef = AD7E81CE29C363E700518BF5 /* RealmSwift */; };
		AD7E81D429C3678F00518BF5 /* Memo.swift in Sources */ = {isa = PBXBuildFile; fileRef = AD7E81D329C3678F00518BF5 /* Memo.swift */; };
		AD7E81D829C36AE100518BF5 /* AddMemoViewController.swift in Sources */ = {isa = PBXBuildFile; fileRef = AD7E81D729C36AE100518BF5 /* AddMemoViewController.swift */; };
/* End PBXBuildFile section */

/* Begin PBXFileReference section */
		AD3555A229C37E64000A010A /* EditMemoViewController.swift */ = {isa = PBXFileReference; lastKnownFileType = sourcecode.swift; path = EditMemoViewController.swift; sourceTree = "<group>"; };
		AD66CA7029C370F00075B8BA /* MemoViewModel.swift */ = {isa = PBXFileReference; lastKnownFileType = sourcecode.swift; path = MemoViewModel.swift; sourceTree = "<group>"; };
		AD7E81B429C363D500518BF5 /* MemoApp_UIkit.app */ = {isa = PBXFileReference; explicitFileType = wrapper.application; includeInIndex = 0; path = MemoApp_UIkit.app; sourceTree = BUILT_PRODUCTS_DIR; };
		AD7E81B729C363D500518BF5 /* AppDelegate.swift */ = {isa = PBXFileReference; lastKnownFileType = sourcecode.swift; path = AppDelegate.swift; sourceTree = "<group>"; };
		AD7E81B929C363D500518BF5 /* SceneDelegate.swift */ = {isa = PBXFileReference; lastKnownFileType = sourcecode.swift; path = SceneDelegate.swift; sourceTree = "<group>"; };
		AD7E81BB29C363D500518BF5 /* ViewController.swift */ = {isa = PBXFileReference; lastKnownFileType = sourcecode.swift; path = ViewController.swift; sourceTree = "<group>"; };
		AD7E81BE29C363D500518BF5 /* Base */ = {isa = PBXFileReference; lastKnownFileType = file.storyboard; name = Base; path = Base.lproj/Main.storyboard; sourceTree = "<group>"; };
		AD7E81C029C363D600518BF5 /* Assets.xcassets */ = {isa = PBXFileReference; lastKnownFileType = folder.assetcatalog; path = Assets.xcassets; sourceTree = "<group>"; };
		AD7E81C329C363D600518BF5 /* Base */ = {isa = PBXFileReference; lastKnownFileType = file.storyboard; name = Base; path = Base.lproj/LaunchScreen.storyboard; sourceTree = "<group>"; };
		AD7E81C529C363D600518BF5 /* Info.plist */ = {isa = PBXFileReference; lastKnownFileType = text.plist.xml; path = Info.plist; sourceTree = "<group>"; };
		AD7E81D329C3678F00518BF5 /* Memo.swift */ = {isa = PBXFileReference; lastKnownFileType = sourcecode.swift; path = Memo.swift; sourceTree = "<group>"; };
		AD7E81D729C36AE100518BF5 /* AddMemoViewController.swift */ = {isa = PBXFileReference; lastKnownFileType = sourcecode.swift; path = AddMemoViewController.swift; sourceTree = "<group>"; };
/* End PBXFileReference section */

/* Begin PBXFrameworksBuildPhase section */
		AD7E81B129C363D500518BF5 /* Frameworks */ = {
			isa = PBXFrameworksBuildPhase;
			buildActionMask = 2147483647;
			files = (
				AD7E81CF29C363E700518BF5 /* RealmSwift in Frameworks */,
				AD7E81CD29C363E700518BF5 /* Realm in Frameworks */,
			);
			runOnlyForDeploymentPostprocessing = 0;
		};
/* End PBXFrameworksBuildPhase section */

/* Begin PBXGroup section */
		AD7E81AB29C363D500518BF5 = {
			isa = PBXGroup;
			children = (
				AD7E81B629C363D500518BF5 /* MemoApp_UIkit */,
				AD7E81B529C363D500518BF5 /* Products */,
			);
			sourceTree = "<group>";
		};
		AD7E81B529C363D500518BF5 /* Products */ = {
			isa = PBXGroup;
			children = (
				AD7E81B429C363D500518BF5 /* MemoApp_UIkit.app */,
			);
			name = Products;
			sourceTree = "<group>";
		};
		AD7E81B629C363D500518BF5 /* MemoApp_UIkit */ = {
			isa = PBXGroup;
			children = (
				AD7E81B729C363D500518BF5 /* AppDelegate.swift */,
				AD7E81B929C363D500518BF5 /* SceneDelegate.swift */,
				AD7E81D229C3645D00518BF5 /* Model */,
				AD7E81D129C3645500518BF5 /* ViewModel */,
				AD7E81D029C3644000518BF5 /* View */,
				AD7E81BD29C363D500518BF5 /* Main.storyboard */,
				AD7E81C029C363D600518BF5 /* Assets.xcassets */,
				AD7E81C229C363D600518BF5 /* LaunchScreen.storyboard */,
				AD7E81C529C363D600518BF5 /* Info.plist */,
			);
			path = MemoApp_UIkit;
			sourceTree = "<group>";
		};
		AD7E81D029C3644000518BF5 /* View */ = {
			isa = PBXGroup;
			children = (
				AD7E81BB29C363D500518BF5 /* ViewController.swift */,
				AD7E81D729C36AE100518BF5 /* AddMemoViewController.swift */,
				AD3555A229C37E64000A010A /* EditMemoViewController.swift */,
			);
			path = View;
			sourceTree = "<group>";
		};
		AD7E81D129C3645500518BF5 /* ViewModel */ = {
			isa = PBXGroup;
			children = (
				AD66CA7029C370F00075B8BA /* MemoViewModel.swift */,
			);
			path = ViewModel;
			sourceTree = "<group>";
		};
		AD7E81D229C3645D00518BF5 /* Model */ = {
			isa = PBXGroup;
			children = (
				AD7E81D329C3678F00518BF5 /* Memo.swift */,
			);
			path = Model;
			sourceTree = "<group>";
		};
/* End PBXGroup section */

/* Begin PBXNativeTarget section */
		AD7E81B329C363D500518BF5 /* MemoApp_UIkit */ = {
			isa = PBXNativeTarget;
			buildConfigurationList = AD7E81C829C363D600518BF5 /* Build configuration list for PBXNativeTarget "MemoApp_UIkit" */;
			buildPhases = (
				AD7E81B029C363D500518BF5 /* Sources */,
				AD7E81B129C363D500518BF5 /* Frameworks */,
				AD7E81B229C363D500518BF5 /* Resources */,
			);
			buildRules = (
			);
			dependencies = (
			);
			name = MemoApp_UIkit;
			packageProductDependencies = (
				AD7E81CC29C363E700518BF5 /* Realm */,
				AD7E81CE29C363E700518BF5 /* RealmSwift */,
			);
			productName = MemoApp_UIkit;
			productReference = AD7E81B429C363D500518BF5 /* MemoApp_UIkit.app */;
			productType = "com.apple.product-type.application";
		};
/* End PBXNativeTarget section */

/* Begin PBXProject section */
		AD7E81AC29C363D500518BF5 /* Project object */ = {
			isa = PBXProject;
			attributes = {
				BuildIndependentTargetsInParallel = 1;
				LastSwiftUpdateCheck = 1420;
				LastUpgradeCheck = 1420;
				TargetAttributes = {
					AD7E81B329C363D500518BF5 = {
						CreatedOnToolsVersion = 14.2;
					};
				};
			};
			buildConfigurationList = AD7E81AF29C363D500518BF5 /* Build configuration list for PBXProject "MemoApp_UIkit" */;
			compatibilityVersion = "Xcode 14.0";
			developmentRegion = en;
			hasScannedForEncodings = 0;
			knownRegions = (
				en,
				Base,
			);
			mainGroup = AD7E81AB29C363D500518BF5;
			packageReferences = (
				AD7E81CB29C363E700518BF5 /* XCRemoteSwiftPackageReference "realm-swift" */,
			);
			productRefGroup = AD7E81B529C363D500518BF5 /* Products */;
			projectDirPath = "";
			projectRoot = "";
			targets = (
				AD7E81B329C363D500518BF5 /* MemoApp_UIkit */,
			);
		};
/* End PBXProject section */

/* Begin PBXResourcesBuildPhase section */
		AD7E81B229C363D500518BF5 /* Resources */ = {
			isa = PBXResourcesBuildPhase;
			buildActionMask = 2147483647;
			files = (
				AD7E81C429C363D600518BF5 /* LaunchScreen.storyboard in Resources */,
				AD7E81C129C363D600518BF5 /* Assets.xcassets in Resources */,
				AD7E81BF29C363D500518BF5 /* Main.storyboard in Resources */,
			);
			runOnlyForDeploymentPostprocessing = 0;
		};
/* End PBXResourcesBuildPhase section */

/* Begin PBXSourcesBuildPhase section */
		AD7E81B029C363D500518BF5 /* Sources */ = {
			isa = PBXSourcesBuildPhase;
			buildActionMask = 2147483647;
			files = (
				AD66CA7129C370F00075B8BA /* MemoViewModel.swift in Sources */,
				AD3555A329C37E64000A010A /* EditMemoViewController.swift in Sources */,
				AD7E81BC29C363D500518BF5 /* ViewController.swift in Sources */,
				AD7E81D829C36AE100518BF5 /* AddMemoViewController.swift in Sources */,
				AD7E81B829C363D500518BF5 /* AppDelegate.swift in Sources */,
				AD7E81BA29C363D500518BF5 /* SceneDelegate.swift in Sources */,
				AD7E81D429C3678F00518BF5 /* Memo.swift in Sources */,
			);
			runOnlyForDeploymentPostprocessing = 0;
		};
/* End PBXSourcesBuildPhase section */

/* Begin PBXVariantGroup section */
		AD7E81BD29C363D500518BF5 /* Main.storyboard */ = {
			isa = PBXVariantGroup;
			children = (
				AD7E81BE29C363D500518BF5 /* Base */,
			);
			name = Main.storyboard;
			sourceTree = "<group>";
		};
		AD7E81C229C363D600518BF5 /* LaunchScreen.storyboard */ = {
			isa = PBXVariantGroup;
			children = (
				AD7E81C329C363D600518BF5 /* Base */,
			);
			name = LaunchScreen.storyboard;
			sourceTree = "<group>";
		};
/* End PBXVariantGroup section */

/* Begin XCBuildConfiguration section */
		AD7E81C629C363D600518BF5 /* Debug */ = {
			isa = XCBuildConfiguration;
			buildSettings = {
				ALWAYS_SEARCH_USER_PATHS = NO;
				CLANG_ANALYZER_NONNULL = YES;
				CLANG_ANALYZER_NUMBER_OBJECT_CONVERSION = YES_AGGRESSIVE;
				CLANG_CXX_LANGUAGE_STANDARD = "gnu++20";
				CLANG_ENABLE_MODULES = YES;
				CLANG_ENABLE_OBJC_ARC = YES;
				CLANG_ENABLE_OBJC_WEAK = YES;
				CLANG_WARN_BLOCK_CAPTURE_AUTORELEASING = YES;
				CLANG_WARN_BOOL_CONVERSION = YES;
				CLANG_WARN_COMMA = YES;
				CLANG_WARN_CONSTANT_CONVERSION = YES;
				CLANG_WARN_DEPRECATED_OBJC_IMPLEMENTATIONS = YES;
				CLANG_WARN_DIRECT_OBJC_ISA_USAGE = YES_ERROR;
				CLANG_WARN_DOCUMENTATION_COMMENTS = YES;
				CLANG_WARN_EMPTY_BODY = YES;
				CLANG_WARN_ENUM_CONVERSION = YES;
				CLANG_WARN_INFINITE_RECURSION = YES;
				CLANG_WARN_INT_CONVERSION = YES;
				CLANG_WARN_NON_LITERAL_NULL_CONVERSION = YES;
				CLANG_WARN_OBJC_IMPLICIT_RETAIN_SELF = YES;
				CLANG_WARN_OBJC_LITERAL_CONVERSION = YES;
				CLANG_WARN_OBJC_ROOT_CLASS = YES_ERROR;
				CLANG_WARN_QUOTED_INCLUDE_IN_FRAMEWORK_HEADER = YES;
				CLANG_WARN_RANGE_LOOP_ANALYSIS = YES;
				CLANG_WARN_STRICT_PROTOTYPES = YES;
				CLANG_WARN_SUSPICIOUS_MOVE = YES;
				CLANG_WARN_UNGUARDED_AVAILABILITY = YES_AGGRESSIVE;
				CLANG_WARN_UNREACHABLE_CODE = YES;
				CLANG_WARN__DUPLICATE_METHOD_MATCH = YES;
				COPY_PHASE_STRIP = NO;
				DEBUG_INFORMATION_FORMAT = dwarf;
				ENABLE_STRICT_OBJC_MSGSEND = YES;
				ENABLE_TESTABILITY = YES;
				GCC_C_LANGUAGE_STANDARD = gnu11;
				GCC_DYNAMIC_NO_PIC = NO;
				GCC_NO_COMMON_BLOCKS = YES;
				GCC_OPTIMIZATION_LEVEL = 0;
				GCC_PREPROCESSOR_DEFINITIONS = (
					"DEBUG=1",
					"$(inherited)",
				);
				GCC_WARN_64_TO_32_BIT_CONVERSION = YES;
				GCC_WARN_ABOUT_RETURN_TYPE = YES_ERROR;
				GCC_WARN_UNDECLARED_SELECTOR = YES;
				GCC_WARN_UNINITIALIZED_AUTOS = YES_AGGRESSIVE;
				GCC_WARN_UNUSED_FUNCTION = YES;
				GCC_WARN_UNUSED_VARIABLE = YES;
				IPHONEOS_DEPLOYMENT_TARGET = 16.2;
				MTL_ENABLE_DEBUG_INFO = INCLUDE_SOURCE;
				MTL_FAST_MATH = YES;
				ONLY_ACTIVE_ARCH = YES;
				SDKROOT = iphoneos;
				SWIFT_ACTIVE_COMPILATION_CONDITIONS = DEBUG;
				SWIFT_OPTIMIZATION_LEVEL = "-Onone";
			};
			name = Debug;
		};
		AD7E81C729C363D600518BF5 /* Release */ = {
			isa = XCBuildConfiguration;
			buildSettings = {
				ALWAYS_SEARCH_USER_PATHS = NO;
				CLANG_ANALYZER_NONNULL = YES;
				CLANG_ANALYZER_NUMBER_OBJECT_CONVERSION = YES_AGGRESSIVE;
				CLANG_CXX_LANGUAGE_STANDARD = "gnu++20";
				CLANG_ENABLE_MODULES = YES;
				CLANG_ENABLE_OBJC_ARC = YES;
				CLANG_ENABLE_OBJC_WEAK = YES;
				CLANG_WARN_BLOCK_CAPTURE_AUTORELEASING = YES;
				CLANG_WARN_BOOL_CONVERSION = YES;
				CLANG_WARN_COMMA = YES;
				CLANG_WARN_CONSTANT_CONVERSION = YES;
				CLANG_WARN_DEPRECATED_OBJC_IMPLEMENTATIONS = YES;
				CLANG_WARN_DIRECT_OBJC_ISA_USAGE = YES_ERROR;
				CLANG_WARN_DOCUMENTATION_COMMENTS = YES;
				CLANG_WARN_EMPTY_BODY = YES;
				CLANG_WARN_ENUM_CONVERSION = YES;
				CLANG_WARN_INFINITE_RECURSION = YES;
				CLANG_WARN_INT_CONVERSION = YES;
				CLANG_WARN_NON_LITERAL_NULL_CONVERSION = YES;
				CLANG_WARN_OBJC_IMPLICIT_RETAIN_SELF = YES;
				CLANG_WARN_OBJC_LITERAL_CONVERSION = YES;
				CLANG_WARN_OBJC_ROOT_CLASS = YES_ERROR;
				CLANG_WARN_QUOTED_INCLUDE_IN_FRAMEWORK_HEADER = YES;
				CLANG_WARN_RANGE_LOOP_ANALYSIS = YES;
				CLANG_WARN_STRICT_PROTOTYPES = YES;
				CLANG_WARN_SUSPICIOUS_MOVE = YES;
				CLANG_WARN_UNGUARDED_AVAILABILITY = YES_AGGRESSIVE;
				CLANG_WARN_UNREACHABLE_CODE = YES;
				CLANG_WARN__DUPLICATE_METHOD_MATCH = YES;
				COPY_PHASE_STRIP = NO;
				DEBUG_INFORMATION_FORMAT = "dwarf-with-dsym";
				ENABLE_NS_ASSERTIONS = NO;
				ENABLE_STRICT_OBJC_MSGSEND = YES;
				GCC_C_LANGUAGE_STANDARD = gnu11;
				GCC_NO_COMMON_BLOCKS = YES;
				GCC_WARN_64_TO_32_BIT_CONVERSION = YES;
				GCC_WARN_ABOUT_RETURN_TYPE = YES_ERROR;
				GCC_WARN_UNDECLARED_SELECTOR = YES;
				GCC_WARN_UNINITIALIZED_AUTOS = YES_AGGRESSIVE;
				GCC_WARN_UNUSED_FUNCTION = YES;
				GCC_WARN_UNUSED_VARIABLE = YES;
				IPHONEOS_DEPLOYMENT_TARGET = 16.2;
				MTL_ENABLE_DEBUG_INFO = NO;
				MTL_FAST_MATH = YES;
				SDKROOT = iphoneos;
				SWIFT_COMPILATION_MODE = wholemodule;
				SWIFT_OPTIMIZATION_LEVEL = "-O";
				VALIDATE_PRODUCT = YES;
			};
			name = Release;
		};
		AD7E81C929C363D600518BF5 /* Debug */ = {
			isa = XCBuildConfiguration;
			buildSettings = {
				ASSETCATALOG_COMPILER_APPICON_NAME = AppIcon;
				ASSETCATALOG_COMPILER_GLOBAL_ACCENT_COLOR_NAME = AccentColor;
				CODE_SIGN_STYLE = Automatic;
				CURRENT_PROJECT_VERSION = 1;
				GENERATE_INFOPLIST_FILE = YES;
				INFOPLIST_FILE = MemoApp_UIkit/Info.plist;
				INFOPLIST_KEY_UIApplicationSupportsIndirectInputEvents = YES;
				INFOPLIST_KEY_UILaunchStoryboardName = LaunchScreen;
				INFOPLIST_KEY_UIMainStoryboardFile = Main;
				INFOPLIST_KEY_UISupportedInterfaceOrientations_iPad = "UIInterfaceOrientationPortrait UIInterfaceOrientationPortraitUpsideDown UIInterfaceOrientationLandscapeLeft UIInterfaceOrientationLandscapeRight";
				INFOPLIST_KEY_UISupportedInterfaceOrientations_iPhone = "UIInterfaceOrientationPortrait UIInterfaceOrientationLandscapeLeft UIInterfaceOrientationLandscapeRight";
				LD_RUNPATH_SEARCH_PATHS = (
					"$(inherited)",
					"@executable_path/Frameworks",
				);
				MARKETING_VERSION = 1.0;
				PRODUCT_BUNDLE_IDENTIFIER = "com.codelion.seongminpark.MemoApp-UIkit";
				PRODUCT_NAME = "$(TARGET_NAME)";
				SWIFT_EMIT_LOC_STRINGS = YES;
				SWIFT_VERSION = 5.0;
				TARGETED_DEVICE_FAMILY = "1,2";
			};
			name = Debug;
		};
		AD7E81CA29C363D600518BF5 /* Release */ = {
			isa = XCBuildConfiguration;
			buildSettings = {
				ASSETCATALOG_COMPILER_APPICON_NAME = AppIcon;
				ASSETCATALOG_COMPILER_GLOBAL_ACCENT_COLOR_NAME = AccentColor;
				CODE_SIGN_STYLE = Automatic;
				CURRENT_PROJECT_VERSION = 1;
				GENERATE_INFOPLIST_FILE = YES;
				INFOPLIST_FILE = MemoApp_UIkit/Info.plist;
				INFOPLIST_KEY_UIApplicationSupportsIndirectInputEvents = YES;
				INFOPLIST_KEY_UILaunchStoryboardName = LaunchScreen;
				INFOPLIST_KEY_UIMainStoryboardFile = Main;
				INFOPLIST_KEY_UISupportedInterfaceOrientations_iPad = "UIInterfaceOrientationPortrait UIInterfaceOrientationPortraitUpsideDown UIInterfaceOrientationLandscapeLeft UIInterfaceOrientationLandscapeRight";
				INFOPLIST_KEY_UISupportedInterfaceOrientations_iPhone = "UIInterfaceOrientationPortrait UIInterfaceOrientationLandscapeLeft UIInterfaceOrientationLandscapeRight";
				LD_RUNPATH_SEARCH_PATHS = (
					"$(inherited)",
					"@executable_path/Frameworks",
				);
				MARKETING_VERSION = 1.0;
				PRODUCT_BUNDLE_IDENTIFIER = "com.codelion.seongminpark.MemoApp-UIkit";
				PRODUCT_NAME = "$(TARGET_NAME)";
				SWIFT_EMIT_LOC_STRINGS = YES;
				SWIFT_VERSION = 5.0;
				TARGETED_DEVICE_FAMILY = "1,2";
			};
			name = Release;
		};
/* End XCBuildConfiguration section */

/* Begin XCConfigurationList section */
		AD7E81AF29C363D500518BF5 /* Build configuration list for PBXProject "MemoApp_UIkit" */ = {
			isa = XCConfigurationList;
			buildConfigurations = (
				AD7E81C629C363D600518BF5 /* Debug */,
				AD7E81C729C363D600518BF5 /* Release */,
			);
			defaultConfigurationIsVisible = 0;
			defaultConfigurationName = Release;
		};
		AD7E81C829C363D600518BF5 /* Build configuration list for PBXNativeTarget "MemoApp_UIkit" */ = {
			isa = XCConfigurationList;
			buildConfigurations = (
				AD7E81C929C363D600518BF5 /* Debug */,
				AD7E81CA29C363D600518BF5 /* Release */,
			);
			defaultConfigurationIsVisible = 0;
			defaultConfigurationName = Release;
		};
/* End XCConfigurationList section */

/* Begin XCRemoteSwiftPackageReference section */
		AD7E81CB29C363E700518BF5 /* XCRemoteSwiftPackageReference "realm-swift" */ = {
			isa = XCRemoteSwiftPackageReference;
			repositoryURL = "https://github.com/realm/realm-swift";
			requirement = {
				branch = master;
				kind = branch;
			};
		};
/* End XCRemoteSwiftPackageReference section */

/* Begin XCSwiftPackageProductDependency section */
		AD7E81CC29C363E700518BF5 /* Realm */ = {
			isa = XCSwiftPackageProductDependency;
			package = AD7E81CB29C363E700518BF5 /* XCRemoteSwiftPackageReference "realm-swift" */;
			productName = Realm;
		};
		AD7E81CE29C363E700518BF5 /* RealmSwift */ = {
			isa = XCSwiftPackageProductDependency;
			package = AD7E81CB29C363E700518BF5 /* XCRemoteSwiftPackageReference "realm-swift" */;
			productName = RealmSwift;
		};
/* End XCSwiftPackageProductDependency section */
	};
	rootObject = AD7E81AC29C363D500518BF5 /* Project object */;
}
