// !$*UTF8*$!
{
	archiveVersion = 1;
	classes = {
	};
	objectVersion = 56;
	objects = {

/* Begin PBXBuildFile section */
		AD56DB4329C1C2E8007FDB52 /* MemoListCollectionViewCell.swift in Sources */ = {isa = PBXBuildFile; fileRef = AD56DB4229C1C2E8007FDB52 /* MemoListCollectionViewCell.swift */; };
		AD56DB4429C1C839007FDB52 /* HomeView.storyboard in Resources */ = {isa = PBXBuildFile; fileRef = AD56DB4029C1A3B3007FDB52 /* HomeView.storyboard */; };
		ADD2E64129C19E1000B24483 /* AppDelegate.swift in Sources */ = {isa = PBXBuildFile; fileRef = ADD2E64029C19E1000B24483 /* AppDelegate.swift */; };
		ADD2E64329C19E1000B24483 /* SceneDelegate.swift in Sources */ = {isa = PBXBuildFile; fileRef = ADD2E64229C19E1000B24483 /* SceneDelegate.swift */; };
		ADD2E64A29C19E1100B24483 /* Assets.xcassets in Resources */ = {isa = PBXBuildFile; fileRef = ADD2E64929C19E1100B24483 /* Assets.xcassets */; };
		ADD2E64D29C19E1100B24483 /* LaunchScreen.storyboard in Resources */ = {isa = PBXBuildFile; fileRef = ADD2E64B29C19E1100B24483 /* LaunchScreen.storyboard */; };
		ADD2E65629C19E7300B24483 /* Realm in Frameworks */ = {isa = PBXBuildFile; productRef = ADD2E65529C19E7300B24483 /* Realm */; };
		ADD2E65829C19E7300B24483 /* RealmSwift in Frameworks */ = {isa = PBXBuildFile; productRef = ADD2E65729C19E7300B24483 /* RealmSwift */; };
		ADD2E65D29C19F4700B24483 /* HomeViewController.swift in Sources */ = {isa = PBXBuildFile; fileRef = ADD2E65C29C19F4700B24483 /* HomeViewController.swift */; };
		ADD2E66029C19F9000B24483 /* Memo.swift in Sources */ = {isa = PBXBuildFile; fileRef = ADD2E65F29C19F9000B24483 /* Memo.swift */; };
/* End PBXBuildFile section */

/* Begin PBXFileReference section */
		AD56DB4029C1A3B3007FDB52 /* HomeView.storyboard */ = {isa = PBXFileReference; lastKnownFileType = file.storyboard; path = HomeView.storyboard; sourceTree = "<group>"; };
		AD56DB4229C1C2E8007FDB52 /* MemoListCollectionViewCell.swift */ = {isa = PBXFileReference; lastKnownFileType = sourcecode.swift; path = MemoListCollectionViewCell.swift; sourceTree = "<group>"; };
		ADD2E63D29C19E1000B24483 /* MemoApp_UIkit.app */ = {isa = PBXFileReference; explicitFileType = wrapper.application; includeInIndex = 0; path = MemoApp_UIkit.app; sourceTree = BUILT_PRODUCTS_DIR; };
		ADD2E64029C19E1000B24483 /* AppDelegate.swift */ = {isa = PBXFileReference; lastKnownFileType = sourcecode.swift; path = AppDelegate.swift; sourceTree = "<group>"; };
		ADD2E64229C19E1000B24483 /* SceneDelegate.swift */ = {isa = PBXFileReference; lastKnownFileType = sourcecode.swift; path = SceneDelegate.swift; sourceTree = "<group>"; };
		ADD2E64929C19E1100B24483 /* Assets.xcassets */ = {isa = PBXFileReference; lastKnownFileType = folder.assetcatalog; path = Assets.xcassets; sourceTree = "<group>"; };
		ADD2E64C29C19E1100B24483 /* Base */ = {isa = PBXFileReference; lastKnownFileType = file.storyboard; name = Base; path = Base.lproj/LaunchScreen.storyboard; sourceTree = "<group>"; };
		ADD2E64E29C19E1100B24483 /* Info.plist */ = {isa = PBXFileReference; lastKnownFileType = text.plist.xml; path = Info.plist; sourceTree = "<group>"; };
		ADD2E65C29C19F4700B24483 /* HomeViewController.swift */ = {isa = PBXFileReference; lastKnownFileType = sourcecode.swift; path = HomeViewController.swift; sourceTree = "<group>"; };
		ADD2E65F29C19F9000B24483 /* Memo.swift */ = {isa = PBXFileReference; lastKnownFileType = sourcecode.swift; path = Memo.swift; sourceTree = "<group>"; };
/* End PBXFileReference section */

/* Begin PBXFrameworksBuildPhase section */
		ADD2E63A29C19E1000B24483 /* Frameworks */ = {
			isa = PBXFrameworksBuildPhase;
			buildActionMask = 2147483647;
			files = (
				ADD2E65829C19E7300B24483 /* RealmSwift in Frameworks */,
				ADD2E65629C19E7300B24483 /* Realm in Frameworks */,
			);
			runOnlyForDeploymentPostprocessing = 0;
		};
/* End PBXFrameworksBuildPhase section */

/* Begin PBXGroup section */
		ADD2E63429C19E1000B24483 = {
			isa = PBXGroup;
			children = (
				ADD2E63F29C19E1000B24483 /* MemoApp_UIkit */,
				ADD2E63E29C19E1000B24483 /* Products */,
			);
			sourceTree = "<group>";
		};
		ADD2E63E29C19E1000B24483 /* Products */ = {
			isa = PBXGroup;
			children = (
				ADD2E63D29C19E1000B24483 /* MemoApp_UIkit.app */,
			);
			name = Products;
			sourceTree = "<group>";
		};
		ADD2E63F29C19E1000B24483 /* MemoApp_UIkit */ = {
			isa = PBXGroup;
			children = (
				ADD2E64029C19E1000B24483 /* AppDelegate.swift */,
				ADD2E64229C19E1000B24483 /* SceneDelegate.swift */,
				ADD2E65B29C19EE600B24483 /* Views */,
				ADD2E66129C1A09A00B24483 /* ViewControllers */,
				ADD2E65E29C19F7900B24483 /* Model */,
				ADD2E64929C19E1100B24483 /* Assets.xcassets */,
				ADD2E64B29C19E1100B24483 /* LaunchScreen.storyboard */,
				ADD2E64E29C19E1100B24483 /* Info.plist */,
			);
			path = MemoApp_UIkit;
			sourceTree = "<group>";
		};
		ADD2E65B29C19EE600B24483 /* Views */ = {
			isa = PBXGroup;
			children = (
				AD56DB4029C1A3B3007FDB52 /* HomeView.storyboard */,
			);
			path = Views;
			sourceTree = "<group>";
		};
		ADD2E65E29C19F7900B24483 /* Model */ = {
			isa = PBXGroup;
			children = (
				ADD2E65F29C19F9000B24483 /* Memo.swift */,
			);
			path = Model;
			sourceTree = "<group>";
		};
		ADD2E66129C1A09A00B24483 /* ViewControllers */ = {
			isa = PBXGroup;
			children = (
				ADD2E65C29C19F4700B24483 /* HomeViewController.swift */,
				AD56DB4229C1C2E8007FDB52 /* MemoListCollectionViewCell.swift */,
			);
			path = ViewControllers;
			sourceTree = "<group>";
		};
/* End PBXGroup section */

/* Begin PBXNativeTarget section */
		ADD2E63C29C19E1000B24483 /* MemoApp_UIkit */ = {
			isa = PBXNativeTarget;
			buildConfigurationList = ADD2E65129C19E1100B24483 /* Build configuration list for PBXNativeTarget "MemoApp_UIkit" */;
			buildPhases = (
				ADD2E63929C19E1000B24483 /* Sources */,
				ADD2E63A29C19E1000B24483 /* Frameworks */,
				ADD2E63B29C19E1000B24483 /* Resources */,
			);
			buildRules = (
			);
			dependencies = (
			);
			name = MemoApp_UIkit;
			packageProductDependencies = (
				ADD2E65529C19E7300B24483 /* Realm */,
				ADD2E65729C19E7300B24483 /* RealmSwift */,
			);
			productName = MemoApp_UIkit;
			productReference = ADD2E63D29C19E1000B24483 /* MemoApp_UIkit.app */;
			productType = "com.apple.product-type.application";
		};
/* End PBXNativeTarget section */

/* Begin PBXProject section */
		ADD2E63529C19E1000B24483 /* Project object */ = {
			isa = PBXProject;
			attributes = {
				BuildIndependentTargetsInParallel = 1;
				LastSwiftUpdateCheck = 1420;
				LastUpgradeCheck = 1420;
				TargetAttributes = {
					ADD2E63C29C19E1000B24483 = {
						CreatedOnToolsVersion = 14.2;
					};
				};
			};
			buildConfigurationList = ADD2E63829C19E1000B24483 /* Build configuration list for PBXProject "MemoApp_UIkit" */;
			compatibilityVersion = "Xcode 14.0";
			developmentRegion = en;
			hasScannedForEncodings = 0;
			knownRegions = (
				en,
				Base,
			);
			mainGroup = ADD2E63429C19E1000B24483;
			packageReferences = (
				ADD2E65429C19E7300B24483 /* XCRemoteSwiftPackageReference "realm-swift" */,
			);
			productRefGroup = ADD2E63E29C19E1000B24483 /* Products */;
			projectDirPath = "";
			projectRoot = "";
			targets = (
				ADD2E63C29C19E1000B24483 /* MemoApp_UIkit */,
			);
		};
/* End PBXProject section */

/* Begin PBXResourcesBuildPhase section */
		ADD2E63B29C19E1000B24483 /* Resources */ = {
			isa = PBXResourcesBuildPhase;
			buildActionMask = 2147483647;
			files = (
				AD56DB4429C1C839007FDB52 /* HomeView.storyboard in Resources */,
				ADD2E64D29C19E1100B24483 /* LaunchScreen.storyboard in Resources */,
				ADD2E64A29C19E1100B24483 /* Assets.xcassets in Resources */,
			);
			runOnlyForDeploymentPostprocessing = 0;
		};
/* End PBXResourcesBuildPhase section */

/* Begin PBXSourcesBuildPhase section */
		ADD2E63929C19E1000B24483 /* Sources */ = {
			isa = PBXSourcesBuildPhase;
			buildActionMask = 2147483647;
			files = (
				ADD2E64129C19E1000B24483 /* AppDelegate.swift in Sources */,
				ADD2E64329C19E1000B24483 /* SceneDelegate.swift in Sources */,
				ADD2E65D29C19F4700B24483 /* HomeViewController.swift in Sources */,
				AD56DB4329C1C2E8007FDB52 /* MemoListCollectionViewCell.swift in Sources */,
				ADD2E66029C19F9000B24483 /* Memo.swift in Sources */,
			);
			runOnlyForDeploymentPostprocessing = 0;
		};
/* End PBXSourcesBuildPhase section */

/* Begin PBXVariantGroup section */
		ADD2E64B29C19E1100B24483 /* LaunchScreen.storyboard */ = {
			isa = PBXVariantGroup;
			children = (
				ADD2E64C29C19E1100B24483 /* Base */,
			);
			name = LaunchScreen.storyboard;
			sourceTree = "<group>";
		};
/* End PBXVariantGroup section */

/* Begin XCBuildConfiguration section */
		ADD2E64F29C19E1100B24483 /* Debug */ = {
			isa = XCBuildConfiguration;
			buildSettings = {
				ALWAYS_SEARCH_USER_PATHS = NO;
				CLANG_ANALYZER_NONNULL = YES;
				CLANG_ANALYZER_NUMBER_OBJECT_CONVERSION = YES_AGGRESSIVE;
				CLANG_CXX_LANGUAGE_STANDARD = "gnu++20";
				CLANG_ENABLE_MODULES = YES;
				CLANG_ENABLE_OBJC_ARC = YES;
				CLANG_ENABLE_OBJC_WEAK = YES;
				CLANG_WARN_BLOCK_CAPTURE_AUTORELEASING = YES;
				CLANG_WARN_BOOL_CONVERSION = YES;
				CLANG_WARN_COMMA = YES;
				CLANG_WARN_CONSTANT_CONVERSION = YES;
				CLANG_WARN_DEPRECATED_OBJC_IMPLEMENTATIONS = YES;
				CLANG_WARN_DIRECT_OBJC_ISA_USAGE = YES_ERROR;
				CLANG_WARN_DOCUMENTATION_COMMENTS = YES;
				CLANG_WARN_EMPTY_BODY = YES;
				CLANG_WARN_ENUM_CONVERSION = YES;
				CLANG_WARN_INFINITE_RECURSION = YES;
				CLANG_WARN_INT_CONVERSION = YES;
				CLANG_WARN_NON_LITERAL_NULL_CONVERSION = YES;
				CLANG_WARN_OBJC_IMPLICIT_RETAIN_SELF = YES;
				CLANG_WARN_OBJC_LITERAL_CONVERSION = YES;
				CLANG_WARN_OBJC_ROOT_CLASS = YES_ERROR;
				CLANG_WARN_QUOTED_INCLUDE_IN_FRAMEWORK_HEADER = YES;
				CLANG_WARN_RANGE_LOOP_ANALYSIS = YES;
				CLANG_WARN_STRICT_PROTOTYPES = YES;
				CLANG_WARN_SUSPICIOUS_MOVE = YES;
				CLANG_WARN_UNGUARDED_AVAILABILITY = YES_AGGRESSIVE;
				CLANG_WARN_UNREACHABLE_CODE = YES;
				CLANG_WARN__DUPLICATE_METHOD_MATCH = YES;
				COPY_PHASE_STRIP = NO;
				DEBUG_INFORMATION_FORMAT = dwarf;
				ENABLE_STRICT_OBJC_MSGSEND = YES;
				ENABLE_TESTABILITY = YES;
				GCC_C_LANGUAGE_STANDARD = gnu11;
				GCC_DYNAMIC_NO_PIC = NO;
				GCC_NO_COMMON_BLOCKS = YES;
				GCC_OPTIMIZATION_LEVEL = 0;
				GCC_PREPROCESSOR_DEFINITIONS = (
					"DEBUG=1",
					"$(inherited)",
				);
				GCC_WARN_64_TO_32_BIT_CONVERSION = YES;
				GCC_WARN_ABOUT_RETURN_TYPE = YES_ERROR;
				GCC_WARN_UNDECLARED_SELECTOR = YES;
				GCC_WARN_UNINITIALIZED_AUTOS = YES_AGGRESSIVE;
				GCC_WARN_UNUSED_FUNCTION = YES;
				GCC_WARN_UNUSED_VARIABLE = YES;
				IPHONEOS_DEPLOYMENT_TARGET = 16.2;
				MTL_ENABLE_DEBUG_INFO = INCLUDE_SOURCE;
				MTL_FAST_MATH = YES;
				ONLY_ACTIVE_ARCH = YES;
				SDKROOT = iphoneos;
				SWIFT_ACTIVE_COMPILATION_CONDITIONS = DEBUG;
				SWIFT_OPTIMIZATION_LEVEL = "-Onone";
			};
			name = Debug;
		};
		ADD2E65029C19E1100B24483 /* Release */ = {
			isa = XCBuildConfiguration;
			buildSettings = {
				ALWAYS_SEARCH_USER_PATHS = NO;
				CLANG_ANALYZER_NONNULL = YES;
				CLANG_ANALYZER_NUMBER_OBJECT_CONVERSION = YES_AGGRESSIVE;
				CLANG_CXX_LANGUAGE_STANDARD = "gnu++20";
				CLANG_ENABLE_MODULES = YES;
				CLANG_ENABLE_OBJC_ARC = YES;
				CLANG_ENABLE_OBJC_WEAK = YES;
				CLANG_WARN_BLOCK_CAPTURE_AUTORELEASING = YES;
				CLANG_WARN_BOOL_CONVERSION = YES;
				CLANG_WARN_COMMA = YES;
				CLANG_WARN_CONSTANT_CONVERSION = YES;
				CLANG_WARN_DEPRECATED_OBJC_IMPLEMENTATIONS = YES;
				CLANG_WARN_DIRECT_OBJC_ISA_USAGE = YES_ERROR;
				CLANG_WARN_DOCUMENTATION_COMMENTS = YES;
				CLANG_WARN_EMPTY_BODY = YES;
				CLANG_WARN_ENUM_CONVERSION = YES;
				CLANG_WARN_INFINITE_RECURSION = YES;
				CLANG_WARN_INT_CONVERSION = YES;
				CLANG_WARN_NON_LITERAL_NULL_CONVERSION = YES;
				CLANG_WARN_OBJC_IMPLICIT_RETAIN_SELF = YES;
				CLANG_WARN_OBJC_LITERAL_CONVERSION = YES;
				CLANG_WARN_OBJC_ROOT_CLASS = YES_ERROR;
				CLANG_WARN_QUOTED_INCLUDE_IN_FRAMEWORK_HEADER = YES;
				CLANG_WARN_RANGE_LOOP_ANALYSIS = YES;
				CLANG_WARN_STRICT_PROTOTYPES = YES;
				CLANG_WARN_SUSPICIOUS_MOVE = YES;
				CLANG_WARN_UNGUARDED_AVAILABILITY = YES_AGGRESSIVE;
				CLANG_WARN_UNREACHABLE_CODE = YES;
				CLANG_WARN__DUPLICATE_METHOD_MATCH = YES;
				COPY_PHASE_STRIP = NO;
				DEBUG_INFORMATION_FORMAT = "dwarf-with-dsym";
				ENABLE_NS_ASSERTIONS = NO;
				ENABLE_STRICT_OBJC_MSGSEND = YES;
				GCC_C_LANGUAGE_STANDARD = gnu11;
				GCC_NO_COMMON_BLOCKS = YES;
				GCC_WARN_64_TO_32_BIT_CONVERSION = YES;
				GCC_WARN_ABOUT_RETURN_TYPE = YES_ERROR;
				GCC_WARN_UNDECLARED_SELECTOR = YES;
				GCC_WARN_UNINITIALIZED_AUTOS = YES_AGGRESSIVE;
				GCC_WARN_UNUSED_FUNCTION = YES;
				GCC_WARN_UNUSED_VARIABLE = YES;
				IPHONEOS_DEPLOYMENT_TARGET = 16.2;
				MTL_ENABLE_DEBUG_INFO = NO;
				MTL_FAST_MATH = YES;
				SDKROOT = iphoneos;
				SWIFT_COMPILATION_MODE = wholemodule;
				SWIFT_OPTIMIZATION_LEVEL = "-O";
				VALIDATE_PRODUCT = YES;
			};
			name = Release;
		};
		ADD2E65229C19E1100B24483 /* Debug */ = {
			isa = XCBuildConfiguration;
			buildSettings = {
				ASSETCATALOG_COMPILER_APPICON_NAME = AppIcon;
				ASSETCATALOG_COMPILER_GLOBAL_ACCENT_COLOR_NAME = AccentColor;
				CODE_SIGN_STYLE = Automatic;
				CURRENT_PROJECT_VERSION = 1;
				GENERATE_INFOPLIST_FILE = YES;
				INFOPLIST_FILE = MemoApp_UIkit/Info.plist;
				INFOPLIST_KEY_UIApplicationSupportsIndirectInputEvents = YES;
				INFOPLIST_KEY_UILaunchStoryboardName = LaunchScreen;
				INFOPLIST_KEY_UIMainStoryboardFile = HomeView;
				INFOPLIST_KEY_UIStatusBarStyle = "";
				INFOPLIST_KEY_UISupportedInterfaceOrientations_iPad = "UIInterfaceOrientationPortrait UIInterfaceOrientationPortraitUpsideDown UIInterfaceOrientationLandscapeLeft UIInterfaceOrientationLandscapeRight";
				INFOPLIST_KEY_UISupportedInterfaceOrientations_iPhone = "UIInterfaceOrientationPortrait UIInterfaceOrientationLandscapeLeft UIInterfaceOrientationLandscapeRight";
				LD_RUNPATH_SEARCH_PATHS = (
					"$(inherited)",
					"@executable_path/Frameworks",
				);
				MARKETING_VERSION = 1.0;
				PRODUCT_BUNDLE_IDENTIFIER = "com.codelion.seongminpark.MemoApp-UIkit";
				PRODUCT_NAME = "$(TARGET_NAME)";
				SWIFT_EMIT_LOC_STRINGS = YES;
				SWIFT_VERSION = 5.0;
				TARGETED_DEVICE_FAMILY = "1,2";
			};
			name = Debug;
		};
		ADD2E65329C19E1100B24483 /* Release */ = {
			isa = XCBuildConfiguration;
			buildSettings = {
				ASSETCATALOG_COMPILER_APPICON_NAME = AppIcon;
				ASSETCATALOG_COMPILER_GLOBAL_ACCENT_COLOR_NAME = AccentColor;
				CODE_SIGN_STYLE = Automatic;
				CURRENT_PROJECT_VERSION = 1;
				GENERATE_INFOPLIST_FILE = YES;
				INFOPLIST_FILE = MemoApp_UIkit/Info.plist;
				INFOPLIST_KEY_UIApplicationSupportsIndirectInputEvents = YES;
				INFOPLIST_KEY_UILaunchStoryboardName = LaunchScreen;
				INFOPLIST_KEY_UIMainStoryboardFile = HomeView;
				INFOPLIST_KEY_UIStatusBarStyle = "";
				INFOPLIST_KEY_UISupportedInterfaceOrientations_iPad = "UIInterfaceOrientationPortrait UIInterfaceOrientationPortraitUpsideDown UIInterfaceOrientationLandscapeLeft UIInterfaceOrientationLandscapeRight";
				INFOPLIST_KEY_UISupportedInterfaceOrientations_iPhone = "UIInterfaceOrientationPortrait UIInterfaceOrientationLandscapeLeft UIInterfaceOrientationLandscapeRight";
				LD_RUNPATH_SEARCH_PATHS = (
					"$(inherited)",
					"@executable_path/Frameworks",
				);
				MARKETING_VERSION = 1.0;
				PRODUCT_BUNDLE_IDENTIFIER = "com.codelion.seongminpark.MemoApp-UIkit";
				PRODUCT_NAME = "$(TARGET_NAME)";
				SWIFT_EMIT_LOC_STRINGS = YES;
				SWIFT_VERSION = 5.0;
				TARGETED_DEVICE_FAMILY = "1,2";
			};
			name = Release;
		};
/* End XCBuildConfiguration section */

/* Begin XCConfigurationList section */
		ADD2E63829C19E1000B24483 /* Build configuration list for PBXProject "MemoApp_UIkit" */ = {
			isa = XCConfigurationList;
			buildConfigurations = (
				ADD2E64F29C19E1100B24483 /* Debug */,
				ADD2E65029C19E1100B24483 /* Release */,
			);
			defaultConfigurationIsVisible = 0;
			defaultConfigurationName = Release;
		};
		ADD2E65129C19E1100B24483 /* Build configuration list for PBXNativeTarget "MemoApp_UIkit" */ = {
			isa = XCConfigurationList;
			buildConfigurations = (
				ADD2E65229C19E1100B24483 /* Debug */,
				ADD2E65329C19E1100B24483 /* Release */,
			);
			defaultConfigurationIsVisible = 0;
			defaultConfigurationName = Release;
		};
/* End XCConfigurationList section */

/* Begin XCRemoteSwiftPackageReference section */
		ADD2E65429C19E7300B24483 /* XCRemoteSwiftPackageReference "realm-swift" */ = {
			isa = XCRemoteSwiftPackageReference;
			repositoryURL = "https://github.com/realm/realm-swift";
			requirement = {
				branch = master;
				kind = branch;
			};
		};
/* End XCRemoteSwiftPackageReference section */

/* Begin XCSwiftPackageProductDependency section */
		ADD2E65529C19E7300B24483 /* Realm */ = {
			isa = XCSwiftPackageProductDependency;
			package = ADD2E65429C19E7300B24483 /* XCRemoteSwiftPackageReference "realm-swift" */;
			productName = Realm;
		};
		ADD2E65729C19E7300B24483 /* RealmSwift */ = {
			isa = XCSwiftPackageProductDependency;
			package = ADD2E65429C19E7300B24483 /* XCRemoteSwiftPackageReference "realm-swift" */;
			productName = RealmSwift;
		};
/* End XCSwiftPackageProductDependency section */
	};
	rootObject = ADD2E63529C19E1000B24483 /* Project object */;
}
